PODS:
  - Alamofire (4.7.2)
  - Charts (3.1.1):
    - Charts/Core (= 3.1.1)
  - Charts/Core (3.1.1)
  - EFCountingLabel (4.0.1)
  - Eureka (4.2.0)
  - Hero (1.0.1)
  - IGListKit (3.4.0):
    - IGListKit/Default (= 3.4.0)
  - IGListKit/Default (3.4.0):
    - IGListKit/Diffing
  - IGListKit/Diffing (3.4.0)
  - MBProgressHUD (1.1.0)
  - Moya/Core (11.0.2):
    - Alamofire (~> 4.1)
    - Result (~> 3.0)
  - Moya/RxSwift (11.0.2):
    - Moya/Core
    - RxSwift (~> 4.0)
  - Result (3.2.4)
  - RxCocoa (4.2.0):
    - RxSwift (~> 4.0)
  - RxOptional (3.5.0):
    - RxCocoa (~> 4.0)
    - RxSwift (~> 4.0)
  - RxSwift (4.2.0)
  - Shimmer (1.0.2)
  - SnapKit (4.0.0)
  - SwiftValidator (4.0.0)
  - XLActionController/Core (4.0.1)
  - XLActionController/Twitter (4.0.1):
    - XLActionController/Core

DEPENDENCIES:
  - Charts
  - EFCountingLabel
  - Eureka
  - Hero (= 1.0.1)
  - IGListKit
  - MBProgressHUD
  - Moya/RxSwift (~> 11.0)
  - RxCocoa
  - RxOptional
  - RxSwift
  - Shimmer
  - SnapKit (~> 4.0.0)
  - SwiftValidator (from `https://github.com/SwiftValidatorCommunity/SwiftValidator.git`, branch `master`)
  - XLActionController/Twitter

SPEC REPOS:
  https://github.com/cocoapods/specs.git:
    - Alamofire
    - Charts
    - EFCountingLabel
    - Eureka
    - Hero
    - IGListKit
    - MBProgressHUD
    - Moya
    - Result
    - RxCocoa
    - RxOptional
    - RxSwift
    - Shimmer
    - SnapKit
    - XLActionController

EXTERNAL SOURCES:
  SwiftValidator:
    :branch: master
    :git: https://github.com/SwiftValidatorCommunity/SwiftValidator.git

CHECKOUT OPTIONS:
  SwiftValidator:
    :commit: ba27b0e501bf542b5c1a97bed8f706d12fb2d4f4
    :git: https://github.com/SwiftValidatorCommunity/SwiftValidator.git

SPEC CHECKSUMS:
  Alamofire: e4fa87002c137ba2d8d634d2c51fabcda0d5c223
  Charts: 90a4d61da0f6e06684c591e3bcab11940fe61736
  EFCountingLabel: 1beb6707761ad00b97efc8bde5c3fceaa7cb9eec
  Eureka: 0748c7bbb2560130e43c7bfa83e99c98854a1f42
  Hero: cee286821578e170d8c0c9c9cda7897357401112
  IGListKit: 7a5d788e9fb746bcd402baa8e8b24bc3bd2a5a07
  MBProgressHUD: e7baa36a220447d8aeb12769bf0585582f3866d9
  Moya: a725035953bc1c0eb1be505ab903984501d82440
  Result: d2d07204ce72856f1fd9130bbe42c35a7b0fea10
  RxCocoa: 0b54909c902e1e581212a03e690bbd94032d8baa
  RxOptional: bd32ff8ca9df4177683d56ffeb618a9d4d5d5cad
  RxSwift: 99e10317ddfcc7fbe01356aafd118fde4a0be104
  Shimmer: c5374be1c2b0c9e292fb05b339a513cf291cac86
  SnapKit: a42d492c16e80209130a3379f73596c3454b7694
  SwiftValidator: 25ded5ca1f10c05adf57f6ac82a72d28ac8d91af
  XLActionController: 007868251c0eed70d649d06c1625259b73b3a600

PODFILE CHECKSUM: 0dbe3fdb74ef1468b726c5c58ea9dfc9413c4c1b

COCOAPODS: 1.5.3
